
Microsoft Visual Studio Solution File, Format Version 12.00
# Visual Studio 14
VisualStudioVersion = 14.0.25420.1
MinimumVisualStudioVersion = 10.0.40219.1
Project("{FAE04EC0-301F-11D3-BF4B-00C04F79EFBC}") = "ArraysStringsAlgorithms", "ArraysStringsAlgorithms\ArraysStringsAlgorithms.csproj", "{351A4D19-AA76-4A72-8136-04C29AFACE86}"
EndProject
Project("{FAE04EC0-301F-11D3-BF4B-00C04F79EFBC}") = "ArraysStringsAlgorithms.Tests", "ArrayStringsAlgorithms.Tests\ArraysStringsAlgorithms.Tests.csproj", "{EAFB586D-139D-4E25-A8C6-676B2197DE3C}"
EndProject
Project("{FAE04EC0-301F-11D3-BF4B-00C04F79EFBC}") = "ArrayStringsAlgorithms.NUnitTests", "ArrayStringsAlgorithms.NUnitTests\ArrayStringsAlgorithms.NUnitTests.csproj", "{43DACA81-29E5-47F1-8FAE-90B3316B0FAF}"
EndProject
Global
	GlobalSection(SolutionConfigurationPlatforms) = preSolution
		Debug|Any CPU = Debug|Any CPU
		Release|Any CPU = Release|Any CPU
	EndGlobalSection
	GlobalSection(ProjectConfigurationPlatforms) = postSolution
		{351A4D19-AA76-4A72-8136-04C29AFACE86}.Debug|Any CPU.ActiveCfg = Debug|Any CPU
		{351A4D19-AA76-4A72-8136-04C29AFACE86}.Debug|Any CPU.Build.0 = Debug|Any CPU
		{351A4D19-AA76-4A72-8136-04C29AFACE86}.Release|Any CPU.ActiveCfg = Release|Any CPU
		{351A4D19-AA76-4A72-8136-04C29AFACE86}.Release|Any CPU.Build.0 = Release|Any CPU
		{EAFB586D-139D-4E25-A8C6-676B2197DE3C}.Debug|Any CPU.ActiveCfg = Debug|Any CPU
		{EAFB586D-139D-4E25-A8C6-676B2197DE3C}.Debug|Any CPU.Build.0 = Debug|Any CPU
		{EAFB586D-139D-4E25-A8C6-676B2197DE3C}.Release|Any CPU.ActiveCfg = Release|Any CPU
		{EAFB586D-139D-4E25-A8C6-676B2197DE3C}.Release|Any CPU.Build.0 = Release|Any CPU
		{43DACA81-29E5-47F1-8FAE-90B3316B0FAF}.Debug|Any CPU.ActiveCfg = Debug|Any CPU
		{43DACA81-29E5-47F1-8FAE-90B3316B0FAF}.Debug|Any CPU.Build.0 = Debug|Any CPU
		{43DACA81-29E5-47F1-8FAE-90B3316B0FAF}.Release|Any CPU.ActiveCfg = Release|Any CPU
		{43DACA81-29E5-47F1-8FAE-90B3316B0FAF}.Release|Any CPU.Build.0 = Release|Any CPU
	EndGlobalSection
	GlobalSection(SolutionProperties) = preSolution
		HideSolutionNode = FALSE
	EndGlobalSection
EndGlobal
